
Microsoft Visual Studio Solution File, Format Version 12.00
# Visual Studio 15
VisualStudioVersion = 15.0.27703.2000
MinimumVisualStudioVersion = 10.0.40219.1
Project("{FAE04EC0-301F-11D3-BF4B-00C04F79EFBC}") = "TicTacTo2", "TicTacTo2\TicTacTo2.csproj", "{81984429-C7AD-452E-9DB3-7F397160D0BE}"
EndProject
Global
	GlobalSection(SolutionConfigurationPlatforms) = preSolution
		Debug|Any CPU = Debug|Any CPU
		Release|Any CPU = Release|Any CPU
	EndGlobalSection
	GlobalSection(ProjectConfigurationPlatforms) = postSolution
		{81984429-C7AD-452E-9DB3-7F397160D0BE}.Debug|Any CPU.ActiveCfg = Debug|Any CPU
		{81984429-C7AD-452E-9DB3-7F397160D0BE}.Debug|Any CPU.Build.0 = Debug|Any CPU
		{81984429-C7AD-452E-9DB3-7F397160D0BE}.Release|Any CPU.ActiveCfg = Release|Any CPU
		{81984429-C7AD-452E-9DB3-7F397160D0BE}.Release|Any CPU.Build.0 = Release|Any CPU
	EndGlobalSection
	GlobalSection(SolutionProperties) = preSolution
		HideSolutionNode = FALSE
	EndGlobalSection
	GlobalSection(ExtensibilityGlobals) = postSolution
		SolutionGuid = {B3AB2628-11A0-440B-AD03-5F32148C1682}
	EndGlobalSection
EndGlobal
